# This file is autogenerated, do not edit; changes may be undone by the next 'dep ensure'.


[[projects]]
  branch = "master"
  name = "github.com/acquia/http-hmac-go"
  packages = ["signers","signers/v2"]
  revision = "dba953a8121c671f03bbab0b415f4608c17fb584"

[[projects]]
  branch = "master"
  name = "github.com/satori/go.uuid"
  packages = ["."]
  revision = "36e9d2ebbde5e3f13ab2e25625fd453271d6522e"

[solve-meta]
  analyzer-name = "dep"
  analyzer-version = 1
  inputs-digest = "663fbba2bd5de1362c73a9fd4ee83719139d4416904599c563394554844baf7e"
  solver-name = "gps-cdcl"
  solver-version = 1
